{
  "name": "@liga-manager-ui/web",
  "version": "5.4.43",
  "lockfileVersion": 3,
  "requires": true,
  "packages": {
    "": {
      "name": "@liga-manager-ui/web",
      "version": "5.4.43",
      "dependencies": {
        "@aparajita/capacitor-dark-mode": "^5.0.2",
        "@capacitor/android": "^7.0.0",
        "@capacitor/core": "^7.0.0",
        "@capacitor/ios": "^7.0.0"
      },
      "devDependencies": {
        "@capacitor/cli": "^7.0.0"
      }
    },
    "../../node_modules/@aparajita/capacitor-dark-mode": {
      "version": "5.0.2",
      "license": "MIT",
      "dependencies": {
        "@capacitor/android": "^6.1.0",
        "@capacitor/core": "^6.1.0",
        "@capacitor/ios": "^6.1.0",
        "@capacitor/status-bar": "^6.0.0"
      },
      "devDependencies": {
        "@aparajita/capacitor-docgen": "github:aparajita/capacitor-docgen",
        "@aparajita/capacitor-docgen-format": "github:aparajita/capacitor-docgen-format",
        "@aparajita/eslint-config-base": "^1.1.6",
        "@aparajita/prettier-config": "^2.0.0",
        "@aparajita/swiftly": "^1.0.4",
        "@capacitor/cli": "^6.1.0",
        "@commitlint/cli": "^19.3.0",
        "@commitlint/config-conventional": "^19.2.2",
        "@ionic/swiftlint-config": "^1.1.2",
        "@rollup/plugin-json": "^6.1.0",
        "@types/node": "^20.14.10",
        "@typescript-eslint/eslint-plugin": "^7.16.1",
        "@typescript-eslint/parser": "^7.16.1",
        "commit-and-tag-version": "^12.4.1",
        "eslint": "^8.57.0",
        "eslint-config-prettier": "^9.1.0",
        "eslint-config-standard": "^17.1.0",
        "eslint-import-resolver-typescript": "^3.6.1",
        "eslint-plugin-import": "^2.29.1",
        "eslint-plugin-n": "^16.6.2",
        "eslint-plugin-prettier": "^5.1.3",
        "eslint-plugin-promise": "^6.4.0",
        "nodemon": "^3.1.4",
        "prettier": "^3.3.3",
        "prettier-plugin-java": "^2.6.4",
        "rimraf": "^6.0.1",
        "rollup": "^4.18.1",
        "simple-git-hooks": "^2.11.1",
        "swiftlint": "^1.0.2",
        "typescript": "~5.5.3"
      },
      "engines": {
        "node": ">=18"
      }
    },
    "../../node_modules/@capacitor/android": {
      "version": "7.4.1",
      "license": "MIT",
      "peerDependencies": {
        "@capacitor/core": "^7.4.0"
      }
    },
    "../../node_modules/@capacitor/assets": {
      "version": "3.0.5",
      "extraneous": true,
      "license": "MIT",
      "dependencies": {
        "@capacitor/cli": "^5.3.0",
        "@ionic/utils-array": "2.1.6",
        "@ionic/utils-fs": "3.1.7",
        "@trapezedev/project": "^7.0.10",
        "commander": "8.3.0",
        "debug": "4.3.4",
        "fs-extra": "10.1.0",
        "node-fetch": "2.7.0",
        "node-html-parser": "5.4.2",
        "sharp": "0.32.6",
        "tslib": "2.6.2",
        "yargs": "17.7.2"
      },
      "bin": {
        "capacitor-assets": "bin/capacitor-assets"
      },
      "devDependencies": {
        "@changesets/cli": "2.26.2",
        "@ionic/eslint-config": "0.3.0",
        "@ionic/prettier-config": "4.0.0",
        "@types/debug": "4.1.8",
        "@types/fs-extra": "9.0.13",
        "@types/jest": "27.5.2",
        "@types/node": "18.17.15",
        "@types/node-fetch": "2.6.5",
        "@types/plist": "3.0.2",
        "@types/rimraf": "3.0.2",
        "@types/slice-ansi": "5.0.0",
        "@typescript-eslint/eslint-plugin": "5.62.0",
        "eslint": "7.32.0",
        "husky": "^8.0.1",
        "jest": "27.5.1",
        "np": "7.7.0",
        "prettier": "3.0.3",
        "rimraf": "3.0.2",
        "tempy": "1.0.1",
        "ts-jest": "27.1.5",
        "typescript": "4.4.4"
      },
      "engines": {
        "node": ">=10.3.0"
      }
    },
    "../../node_modules/@capacitor/cli": {
      "version": "7.4.1",
      "dev": true,
      "license": "MIT",
      "dependencies": {
        "@ionic/cli-framework-output": "^2.2.8",
        "@ionic/utils-subprocess": "^3.0.1",
        "@ionic/utils-terminal": "^2.3.5",
        "commander": "^12.1.0",
        "debug": "^4.4.0",
        "env-paths": "^2.2.0",
        "fs-extra": "^11.2.0",
        "kleur": "^4.1.5",
        "native-run": "^2.0.1",
        "open": "^8.4.0",
        "plist": "^3.1.0",
        "prompts": "^2.4.2",
        "rimraf": "^6.0.1",
        "semver": "^7.6.3",
        "tar": "^6.1.11",
        "tslib": "^2.8.1",
        "xml2js": "^0.6.2"
      },
      "bin": {
        "cap": "bin/capacitor",
        "capacitor": "bin/capacitor"
      },
      "devDependencies": {
        "@types/debug": "^4.1.12",
        "@types/fs-extra": "^11.0.4",
        "@types/jest": "^29.5.14",
        "@types/plist": "^3.0.5",
        "@types/prompts": "^2.4.9",
        "@types/semver": "^7.5.8",
        "@types/tar": "^6.1.1",
        "@types/tmp": "^0.2.6",
        "@types/xml2js": "0.4.5",
        "jest": "^29.7.0",
        "jest-environment-jsdom": "^29.7.0",
        "jest-jasmine2": "^29.7.0",
        "tmp": "^0.2.3",
        "ts-jest": "^29.0.5",
        "typescript": "~5.0.2"
      },
      "engines": {
        "node": ">=20.0.0"
      }
    },
    "../../node_modules/@capacitor/core": {
      "version": "7.4.1",
      "license": "MIT",
      "dependencies": {
        "tslib": "^2.1.0"
      },
      "devDependencies": {
        "@capacitor/docgen": "^0.2.2",
        "@rollup/plugin-node-resolve": "^10.0.0",
        "@rollup/plugin-replace": "^2.4.2",
        "@types/jest": "^29.5.0",
        "jest": "^29.5.0",
        "jest-environment-jsdom": "^29.5.0",
        "jest-jasmine2": "^29.5.0",
        "rimraf": "^4.4.1",
        "rollup": "^2.21.0",
        "rollup-plugin-terser": "^7.0.2",
        "typescript": "~5.0.2"
      }
    },
    "../../node_modules/@capacitor/splash-screen": {
      "version": "7.0.1",
      "extraneous": true,
      "license": "MIT",
      "devDependencies": {
        "@capacitor/android": "next",
        "@capacitor/cli": "^6.0.0",
        "@capacitor/core": "next",
        "@capacitor/docgen": "0.2.2",
        "@capacitor/ios": "next",
        "@ionic/eslint-config": "^0.4.0",
        "@ionic/prettier-config": "~1.0.1",
        "@ionic/swiftlint-config": "^1.1.2",
        "eslint": "^8.57.0",
        "prettier": "~2.3.0",
        "prettier-plugin-java": "~1.0.2",
        "rimraf": "^6.0.1",
        "rollup": "^4.26.0",
        "swiftlint": "^1.0.1",
        "typescript": "~4.1.5"
      },
      "peerDependencies": {
        "@capacitor/core": ">=7.0.0"
      }
    },
    "node_modules/@aparajita/capacitor-dark-mode": {
      "resolved": "../../node_modules/@aparajita/capacitor-dark-mode",
      "link": true
    },
    "node_modules/@capacitor/android": {
      "resolved": "../../node_modules/@capacitor/android",
      "link": true
    },
    "node_modules/@capacitor/cli": {
      "resolved": "../../node_modules/@capacitor/cli",
      "link": true
    },
    "node_modules/@capacitor/core": {
      "resolved": "../../node_modules/@capacitor/core",
      "link": true
    },
    "node_modules/@capacitor/ios": {
      "version": "7.4.1",
      "resolved": "https://registry.npmjs.org/@capacitor/ios/-/ios-7.4.1.tgz",
      "integrity": "sha512-KIvpCi2Hi5nWHGjGBLOCMrF46jDafu8s79dkZCPdK+4myy/pnzLpdj8xSic6umTHYOKThJMBYX42ZCBT2Cjt2w==",
      "license": "MIT",
      "peerDependencies": {
        "@capacitor/core": "^7.4.0"
      }
    }
  }
}
